
Microsoft Visual Studio Solution File, Format Version 12.00
# Visual Studio Version 17
VisualStudioVersion = 17.7.34024.191
MinimumVisualStudioVersion = 10.0.40219.1
Project("{FAE04EC0-301F-11D3-BF4B-00C04F79EFBC}") = "TareaMapeoDeClases", "TareaMapeoDeClases.csproj", "{60AAA7E4-595D-4FFC-B551-F52789520BFB}"
EndProject
Global
	GlobalSection(SolutionConfigurationPlatforms) = preSolution
		Debug|Any CPU = Debug|Any CPU
		Release|Any CPU = Release|Any CPU
	EndGlobalSection
	GlobalSection(ProjectConfigurationPlatforms) = postSolution
		{60AAA7E4-595D-4FFC-B551-F52789520BFB}.Debug|Any CPU.ActiveCfg = Debug|Any CPU
		{60AAA7E4-595D-4FFC-B551-F52789520BFB}.Debug|Any CPU.Build.0 = Debug|Any CPU
		{60AAA7E4-595D-4FFC-B551-F52789520BFB}.Release|Any CPU.ActiveCfg = Release|Any CPU
		{60AAA7E4-595D-4FFC-B551-F52789520BFB}.Release|Any CPU.Build.0 = Release|Any CPU
	EndGlobalSection
	GlobalSection(SolutionProperties) = preSolution
		HideSolutionNode = FALSE
	EndGlobalSection
	GlobalSection(ExtensibilityGlobals) = postSolution
		SolutionGuid = {A9408C47-60EE-4142-9E6F-C7593E0E0A31}
	EndGlobalSection
EndGlobal
